{
  "name": "openapi-mock-optimizer",
  "version": "1.0.0",
  "lockfileVersion": 2,
  "requires": true,
  "packages": {
    "": {
      "name": "openapi-mock-optimizer",
      "version": "1.0.0",
      "license": "MIT",
      "dependencies": {
        "commander": "^9.4.1",
        "openapi-format": "^1.13.0"
      },
      "bin": {
        "omo": "bin/index.js"
      }
    },
    "node_modules/@stoplight/ordered-object-literal": {
      "version": "1.0.4",
      "resolved": "https://registry.npmjs.org/@stoplight/ordered-object-literal/-/ordered-object-literal-1.0.4.tgz",
      "integrity": "sha512-OF8uib1jjDs5/cCU+iOVy+GJjU3X7vk/qJIkIJFqwmlJKrrtijFmqwbu8XToXrwTYLQTP+Hebws5gtZEmk9jag==",
      "engines": {
        "node": ">=8"
      }
    },
    "node_modules/@stoplight/types": {
      "version": "13.8.0",
      "resolved": "https://registry.npmjs.org/@stoplight/types/-/types-13.8.0.tgz",
      "integrity": "sha512-5glKswz7y9aACh+a+JegID+4xX//4TsIdv7iPl29hWnOoWrnlPbg3Gjc4nYUXXgMSaSlSsA15JU/0+rE89fR4A==",
      "dependencies": {
        "@types/json-schema": "^7.0.4",
        "utility-types": "^3.10.0"
      },
      "engines": {
        "node": "^12.20 || >=14.13"
      }
    },
    "node_modules/@stoplight/yaml": {
      "version": "4.2.3",
      "resolved": "https://registry.npmjs.org/@stoplight/yaml/-/yaml-4.2.3.tgz",
      "integrity": "sha512-Mx01wjRAR9C7yLMUyYFTfbUf5DimEpHMkRDQ1PKLe9dfNILbgdxyrncsOXM3vCpsQ1Hfj4bPiGl+u4u6e9Akqw==",
      "dependencies": {
        "@stoplight/ordered-object-literal": "^1.0.1",
        "@stoplight/types": "^13.0.0",
        "@stoplight/yaml-ast-parser": "0.0.48",
        "tslib": "^2.2.0"
      },
      "engines": {
        "node": ">=10.8"
      }
    },
    "node_modules/@stoplight/yaml-ast-parser": {
      "version": "0.0.48",
      "resolved": "https://registry.npmjs.org/@stoplight/yaml-ast-parser/-/yaml-ast-parser-0.0.48.tgz",
      "integrity": "sha512-sV+51I7WYnLJnKPn2EMWgS4EUfoP4iWEbrWwbXsj0MZCB/xOK8j6+C9fntIdOM50kpx45ZLC3s6kwKivWuqvyg=="
    },
    "node_modules/@types/json-schema": {
      "version": "7.0.11",
      "resolved": "https://registry.npmjs.org/@types/json-schema/-/json-schema-7.0.11.tgz",
      "integrity": "sha512-wOuvG1SN4Us4rez+tylwwwCV1psiNVOkJeM3AUWUNWg/jDQY2+HE/444y5gc+jBmRqASOm2Oeh5c1axHobwRKQ=="
    },
    "node_modules/case-anything": {
      "version": "2.1.10",
      "resolved": "https://registry.npmjs.org/case-anything/-/case-anything-2.1.10.tgz",
      "integrity": "sha512-JczJwVrCP0jPKh05McyVsuOg6AYosrB9XWZKbQzXeDAm2ClE/PJE/BcrrQrVyGYH7Jg8V/LDupmyL4kFlVsVFQ==",
      "engines": {
        "node": ">=12.13"
      },
      "funding": {
        "url": "https://github.com/sponsors/mesqueeb"
      }
    },
    "node_modules/commander": {
      "version": "9.4.1",
      "resolved": "https://registry.npmjs.org/commander/-/commander-9.4.1.tgz",
      "integrity": "sha512-5EEkTNyHNGFPD2H+c/dXXfQZYa/scCKasxWcXJaWnNJ99pnQN9Vnmqow+p+PlFPE63Q6mThaZws1T+HxfpgtPw==",
      "engines": {
        "node": "^12.20.0 || >=14"
      }
    },
    "node_modules/openapi-format": {
      "version": "1.13.0",
      "resolved": "https://registry.npmjs.org/openapi-format/-/openapi-format-1.13.0.tgz",
      "integrity": "sha512-1mkwd7eP/oXorltMnBhzVI8oKRDkr25D2wfhLSd4ezmo9pbRnFTLgMfI2yHS8i3Yheh/+uZ3GAyWGvK5nL4VsA==",
      "dependencies": {
        "@stoplight/yaml": "^4.2.2",
        "case-anything": "^2.1.10",
        "commander": "^7.1.0",
        "traverse": "^0.6.6"
      },
      "bin": {
        "openapi-format": "bin/cli.js"
      },
      "engines": {
        "node": ">=12"
      }
    },
    "node_modules/openapi-format/node_modules/commander": {
      "version": "7.2.0",
      "resolved": "https://registry.npmjs.org/commander/-/commander-7.2.0.tgz",
      "integrity": "sha512-QrWXB+ZQSVPmIWIhtEO9H+gwHaMGYiF5ChvoJ+K9ZGHG/sVsa6yiesAD1GC/x46sET00Xlwo1u49RVVVzvcSkw==",
      "engines": {
        "node": ">= 10"
      }
    },
    "node_modules/traverse": {
      "version": "0.6.7",
      "resolved": "https://registry.npmjs.org/traverse/-/traverse-0.6.7.tgz",
      "integrity": "sha512-/y956gpUo9ZNCb99YjxG7OaslxZWHfCHAUUfshwqOXmxUIvqLjVO581BT+gM59+QV9tFe6/CGG53tsA1Y7RSdg==",
      "funding": {
        "url": "https://github.com/sponsors/ljharb"
      }
    },
    "node_modules/tslib": {
      "version": "2.4.1",
      "resolved": "https://registry.npmjs.org/tslib/-/tslib-2.4.1.tgz",
      "integrity": "sha512-tGyy4dAjRIEwI7BzsB0lynWgOpfqjUdq91XXAlIWD2OwKBH7oCl/GZG/HT4BOHrTlPMOASlMQ7veyTqpmRcrNA=="
    },
    "node_modules/utility-types": {
      "version": "3.10.0",
      "resolved": "https://registry.npmjs.org/utility-types/-/utility-types-3.10.0.tgz",
      "integrity": "sha512-O11mqxmi7wMKCo6HKFt5AhO4BwY3VV68YU07tgxfz8zJTIxr4BpsezN49Ffwy9j3ZpwwJp4fkRwjRzq3uWE6Rg==",
      "engines": {
        "node": ">= 4"
      }
    }
  },
  "dependencies": {
    "@stoplight/ordered-object-literal": {
      "version": "1.0.4",
      "resolved": "https://registry.npmjs.org/@stoplight/ordered-object-literal/-/ordered-object-literal-1.0.4.tgz",
      "integrity": "sha512-OF8uib1jjDs5/cCU+iOVy+GJjU3X7vk/qJIkIJFqwmlJKrrtijFmqwbu8XToXrwTYLQTP+Hebws5gtZEmk9jag=="
    },
    "@stoplight/types": {
      "version": "13.8.0",
      "resolved": "https://registry.npmjs.org/@stoplight/types/-/types-13.8.0.tgz",
      "integrity": "sha512-5glKswz7y9aACh+a+JegID+4xX//4TsIdv7iPl29hWnOoWrnlPbg3Gjc4nYUXXgMSaSlSsA15JU/0+rE89fR4A==",
      "requires": {
        "@types/json-schema": "^7.0.4",
        "utility-types": "^3.10.0"
      }
    },
    "@stoplight/yaml": {
      "version": "4.2.3",
      "resolved": "https://registry.npmjs.org/@stoplight/yaml/-/yaml-4.2.3.tgz",
      "integrity": "sha512-Mx01wjRAR9C7yLMUyYFTfbUf5DimEpHMkRDQ1PKLe9dfNILbgdxyrncsOXM3vCpsQ1Hfj4bPiGl+u4u6e9Akqw==",
      "requires": {
        "@stoplight/ordered-object-literal": "^1.0.1",
        "@stoplight/types": "^13.0.0",
        "@stoplight/yaml-ast-parser": "0.0.48",
        "tslib": "^2.2.0"
      }
    },
    "@stoplight/yaml-ast-parser": {
      "version": "0.0.48",
      "resolved": "https://registry.npmjs.org/@stoplight/yaml-ast-parser/-/yaml-ast-parser-0.0.48.tgz",
      "integrity": "sha512-sV+51I7WYnLJnKPn2EMWgS4EUfoP4iWEbrWwbXsj0MZCB/xOK8j6+C9fntIdOM50kpx45ZLC3s6kwKivWuqvyg=="
    },
    "@types/json-schema": {
      "version": "7.0.11",
      "resolved": "https://registry.npmjs.org/@types/json-schema/-/json-schema-7.0.11.tgz",
      "integrity": "sha512-wOuvG1SN4Us4rez+tylwwwCV1psiNVOkJeM3AUWUNWg/jDQY2+HE/444y5gc+jBmRqASOm2Oeh5c1axHobwRKQ=="
    },
    "case-anything": {
      "version": "2.1.10",
      "resolved": "https://registry.npmjs.org/case-anything/-/case-anything-2.1.10.tgz",
      "integrity": "sha512-JczJwVrCP0jPKh05McyVsuOg6AYosrB9XWZKbQzXeDAm2ClE/PJE/BcrrQrVyGYH7Jg8V/LDupmyL4kFlVsVFQ=="
    },
    "commander": {
      "version": "9.4.1",
      "resolved": "https://registry.npmjs.org/commander/-/commander-9.4.1.tgz",
      "integrity": "sha512-5EEkTNyHNGFPD2H+c/dXXfQZYa/scCKasxWcXJaWnNJ99pnQN9Vnmqow+p+PlFPE63Q6mThaZws1T+HxfpgtPw=="
    },
    "openapi-format": {
      "version": "1.13.0",
      "resolved": "https://registry.npmjs.org/openapi-format/-/openapi-format-1.13.0.tgz",
      "integrity": "sha512-1mkwd7eP/oXorltMnBhzVI8oKRDkr25D2wfhLSd4ezmo9pbRnFTLgMfI2yHS8i3Yheh/+uZ3GAyWGvK5nL4VsA==",
      "requires": {
        "@stoplight/yaml": "^4.2.2",
        "case-anything": "^2.1.10",
        "commander": "^7.1.0",
        "traverse": "^0.6.6"
      },
      "dependencies": {
        "commander": {
          "version": "7.2.0",
          "resolved": "https://registry.npmjs.org/commander/-/commander-7.2.0.tgz",
          "integrity": "sha512-QrWXB+ZQSVPmIWIhtEO9H+gwHaMGYiF5ChvoJ+K9ZGHG/sVsa6yiesAD1GC/x46sET00Xlwo1u49RVVVzvcSkw=="
        }
      }
    },
    "traverse": {
      "version": "0.6.7",
      "resolved": "https://registry.npmjs.org/traverse/-/traverse-0.6.7.tgz",
      "integrity": "sha512-/y956gpUo9ZNCb99YjxG7OaslxZWHfCHAUUfshwqOXmxUIvqLjVO581BT+gM59+QV9tFe6/CGG53tsA1Y7RSdg=="
    },
    "tslib": {
      "version": "2.4.1",
      "resolved": "https://registry.npmjs.org/tslib/-/tslib-2.4.1.tgz",
      "integrity": "sha512-tGyy4dAjRIEwI7BzsB0lynWgOpfqjUdq91XXAlIWD2OwKBH7oCl/GZG/HT4BOHrTlPMOASlMQ7veyTqpmRcrNA=="
    },
    "utility-types": {
      "version": "3.10.0",
      "resolved": "https://registry.npmjs.org/utility-types/-/utility-types-3.10.0.tgz",
      "integrity": "sha512-O11mqxmi7wMKCo6HKFt5AhO4BwY3VV68YU07tgxfz8zJTIxr4BpsezN49Ffwy9j3ZpwwJp4fkRwjRzq3uWE6Rg=="
    }
  }
}
